
Microsoft Visual Studio Solution File, Format Version 12.00
# Visual Studio Version 16
VisualStudioVersion = 16.0.30011.22
MinimumVisualStudioVersion = 10.0.40219.1
Project("{FAE04EC0-301F-11D3-BF4B-00C04F79EFBC}") = "BubenBot.Bot", "BubenBot.Bot\BubenBot.Bot.csproj", "{93E826A4-CDAA-47A4-9650-4699AF5E3E69}"
EndProject
Project("{FAE04EC0-301F-11D3-BF4B-00C04F79EFBC}") = "BubenBot.Services", "BubenBot.Services\BubenBot.Services.csproj", "{5B8DDAFE-49DE-425A-9111-1316D35F3941}"
EndProject
Project("{FAE04EC0-301F-11D3-BF4B-00C04F79EFBC}") = "BubenBot.Data", "BubenBot.Data\BubenBot.Data.csproj", "{68588525-E05C-4A5C-98AF-76320BC03009}"
EndProject
Project("{FAE04EC0-301F-11D3-BF4B-00C04F79EFBC}") = "BubenBot.Services.Tests", "BubenBot.Services.Tests\BubenBot.Services.Tests.csproj", "{CF53FB47-14FE-423E-B2FC-FCE17C869A6D}"
EndProject
Global
	GlobalSection(SolutionConfigurationPlatforms) = preSolution
		Debug|Any CPU = Debug|Any CPU
		Release|Any CPU = Release|Any CPU
	EndGlobalSection
	GlobalSection(ProjectConfigurationPlatforms) = postSolution
		{93E826A4-CDAA-47A4-9650-4699AF5E3E69}.Debug|Any CPU.ActiveCfg = Debug|Any CPU
		{93E826A4-CDAA-47A4-9650-4699AF5E3E69}.Debug|Any CPU.Build.0 = Debug|Any CPU
		{93E826A4-CDAA-47A4-9650-4699AF5E3E69}.Release|Any CPU.ActiveCfg = Release|Any CPU
		{93E826A4-CDAA-47A4-9650-4699AF5E3E69}.Release|Any CPU.Build.0 = Release|Any CPU
		{5B8DDAFE-49DE-425A-9111-1316D35F3941}.Debug|Any CPU.ActiveCfg = Debug|Any CPU
		{5B8DDAFE-49DE-425A-9111-1316D35F3941}.Debug|Any CPU.Build.0 = Debug|Any CPU
		{5B8DDAFE-49DE-425A-9111-1316D35F3941}.Release|Any CPU.ActiveCfg = Release|Any CPU
		{5B8DDAFE-49DE-425A-9111-1316D35F3941}.Release|Any CPU.Build.0 = Release|Any CPU
		{68588525-E05C-4A5C-98AF-76320BC03009}.Debug|Any CPU.ActiveCfg = Debug|Any CPU
		{68588525-E05C-4A5C-98AF-76320BC03009}.Debug|Any CPU.Build.0 = Debug|Any CPU
		{68588525-E05C-4A5C-98AF-76320BC03009}.Release|Any CPU.ActiveCfg = Release|Any CPU
		{68588525-E05C-4A5C-98AF-76320BC03009}.Release|Any CPU.Build.0 = Release|Any CPU
		{CF53FB47-14FE-423E-B2FC-FCE17C869A6D}.Debug|Any CPU.ActiveCfg = Debug|Any CPU
		{CF53FB47-14FE-423E-B2FC-FCE17C869A6D}.Debug|Any CPU.Build.0 = Debug|Any CPU
		{CF53FB47-14FE-423E-B2FC-FCE17C869A6D}.Release|Any CPU.ActiveCfg = Release|Any CPU
		{CF53FB47-14FE-423E-B2FC-FCE17C869A6D}.Release|Any CPU.Build.0 = Release|Any CPU
	EndGlobalSection
	GlobalSection(SolutionProperties) = preSolution
		HideSolutionNode = FALSE
	EndGlobalSection
	GlobalSection(ExtensibilityGlobals) = postSolution
		SolutionGuid = {0A73EFB3-38D5-4F41-A807-33A2E2BA901C}
	EndGlobalSection
EndGlobal
